// !$*UTF8*$!
{
	archiveVersion = 1;
	classes = {
	};
	objectVersion = 51;
	objects = {

/* Begin PBXBuildFile section */
		B81C3737261A079C007DF4BF /* MessageViewModel.swift in Sources */ = {isa = PBXBuildFile; fileRef = B81C3736261A079C007DF4BF /* MessageViewModel.swift */; };
		B82058C42562C96C00E54158 /* User.swift in Sources */ = {isa = PBXBuildFile; fileRef = B82058C32562C96C00E54158 /* User.swift */; };
		B8289708257FCAB200F8BB28 /* ChatLogController.swift in Sources */ = {isa = PBXBuildFile; fileRef = B8289707257FCAB200F8BB28 /* ChatLogController.swift */; };
		B8408958259BAB32000A5555 /* ChatLog+handlers.swift in Sources */ = {isa = PBXBuildFile; fileRef = B8408957259BAB32000A5555 /* ChatLog+handlers.swift */; };
		B8505246256C0FB800F6D0E6 /* LoginController+handlers.swift in Sources */ = {isa = PBXBuildFile; fileRef = B8505245256C0FB800F6D0E6 /* LoginController+handlers.swift */; };
		B85AD6B525DBBA0600A824D7 /* Launch.storyboard in Resources */ = {isa = PBXBuildFile; fileRef = B85AD6B425DBBA0600A824D7 /* Launch.storyboard */; };
		B863DB8E25601615007216F0 /* NewMessageTableViewController.swift in Sources */ = {isa = PBXBuildFile; fileRef = B863DB8D25601615007216F0 /* NewMessageTableViewController.swift */; };
		B86DE81A2614CA5E0026827D /* LoginView.swift in Sources */ = {isa = PBXBuildFile; fileRef = B86DE8192614CA5E0026827D /* LoginView.swift */; };
		B8AC7006255D8A9100B02969 /* GoogleService-Info.plist in Resources */ = {isa = PBXBuildFile; fileRef = B8AC7005255D8A9100B02969 /* GoogleService-Info.plist */; };
		B8B08F41255C000D00176EF4 /* AppDelegate.swift in Sources */ = {isa = PBXBuildFile; fileRef = B8B08F40255C000D00176EF4 /* AppDelegate.swift */; };
		B8B08F43255C000D00176EF4 /* SceneDelegate.swift in Sources */ = {isa = PBXBuildFile; fileRef = B8B08F42255C000D00176EF4 /* SceneDelegate.swift */; };
		B8B08F45255C000D00176EF4 /* MessageViewController.swift in Sources */ = {isa = PBXBuildFile; fileRef = B8B08F44255C000D00176EF4 /* MessageViewController.swift */; };
		B8B08F4A255C001000176EF4 /* Assets.xcassets in Resources */ = {isa = PBXBuildFile; fileRef = B8B08F49255C001000176EF4 /* Assets.xcassets */; };
		B8B08F56255C44C100176EF4 /* LoginViewController.swift in Sources */ = {isa = PBXBuildFile; fileRef = B8B08F55255C44C100176EF4 /* LoginViewController.swift */; };
		B8B1607725A57CD2000C95D9 /* ChatMessageCell.swift in Sources */ = {isa = PBXBuildFile; fileRef = B8B1607625A57CD2000C95D9 /* ChatMessageCell.swift */; };
		B8CD5EE9259CD9860072A541 /* UserCell.swift in Sources */ = {isa = PBXBuildFile; fileRef = B8CD5EE8259CD9860072A541 /* UserCell.swift */; };
		B8F1A8D22613334B009D2DBE /* ChatInputContainerView.swift in Sources */ = {isa = PBXBuildFile; fileRef = B8F1A8D12613334B009D2DBE /* ChatInputContainerView.swift */; };
		B8F4CC76261644AF00251971 /* Network.swift in Sources */ = {isa = PBXBuildFile; fileRef = B8F4CC75261644AF00251971 /* Network.swift */; };
		B8FD8261256BD9CE0015BAAA /* Extension.swift in Sources */ = {isa = PBXBuildFile; fileRef = B8FD8260256BD9CE0015BAAA /* Extension.swift */; };
		CD1BF23A15E05DAE65BD4E69 /* Pods_GotChat.framework in Frameworks */ = {isa = PBXBuildFile; fileRef = 8DEEE22C04C22A3C0FC5F104 /* Pods_GotChat.framework */; };
/* End PBXBuildFile section */

/* Begin PBXFileReference section */
		6845D12EB4A125209D03B9F9 /* Pods-GotChat.debug.xcconfig */ = {isa = PBXFileReference; includeInIndex = 1; lastKnownFileType = text.xcconfig; name = "Pods-GotChat.debug.xcconfig"; path = "Target Support Files/Pods-GotChat/Pods-GotChat.debug.xcconfig"; sourceTree = "<group>"; };
		8DEEE22C04C22A3C0FC5F104 /* Pods_GotChat.framework */ = {isa = PBXFileReference; explicitFileType = wrapper.framework; includeInIndex = 0; path = Pods_GotChat.framework; sourceTree = BUILT_PRODUCTS_DIR; };
		B81C3736261A079C007DF4BF /* MessageViewModel.swift */ = {isa = PBXFileReference; lastKnownFileType = sourcecode.swift; path = MessageViewModel.swift; sourceTree = "<group>"; };
		B82058C32562C96C00E54158 /* User.swift */ = {isa = PBXFileReference; lastKnownFileType = sourcecode.swift; path = User.swift; sourceTree = "<group>"; };
		B8289707257FCAB200F8BB28 /* ChatLogController.swift */ = {isa = PBXFileReference; lastKnownFileType = sourcecode.swift; path = ChatLogController.swift; sourceTree = "<group>"; };
		B8408957259BAB32000A5555 /* ChatLog+handlers.swift */ = {isa = PBXFileReference; lastKnownFileType = sourcecode.swift; path = "ChatLog+handlers.swift"; sourceTree = "<group>"; };
		B8505245256C0FB800F6D0E6 /* LoginController+handlers.swift */ = {isa = PBXFileReference; lastKnownFileType = sourcecode.swift; path = "LoginController+handlers.swift"; sourceTree = "<group>"; };
		B85AD6B425DBBA0600A824D7 /* Launch.storyboard */ = {isa = PBXFileReference; lastKnownFileType = file.storyboard; path = Launch.storyboard; sourceTree = "<group>"; };
		B863DB8D25601615007216F0 /* NewMessageTableViewController.swift */ = {isa = PBXFileReference; lastKnownFileType = sourcecode.swift; path = NewMessageTableViewController.swift; sourceTree = "<group>"; };
		B86DE8192614CA5E0026827D /* LoginView.swift */ = {isa = PBXFileReference; lastKnownFileType = sourcecode.swift; path = LoginView.swift; sourceTree = "<group>"; };
		B8AC7005255D8A9100B02969 /* GoogleService-Info.plist */ = {isa = PBXFileReference; fileEncoding = 4; lastKnownFileType = text.plist.xml; name = "GoogleService-Info.plist"; path = "../Project7/GoogleService-Info.plist"; sourceTree = "<group>"; };
		B8B08F3D255C000D00176EF4 /* GotChat.app */ = {isa = PBXFileReference; explicitFileType = wrapper.application; includeInIndex = 0; path = GotChat.app; sourceTree = BUILT_PRODUCTS_DIR; };
		B8B08F40255C000D00176EF4 /* AppDelegate.swift */ = {isa = PBXFileReference; lastKnownFileType = sourcecode.swift; path = AppDelegate.swift; sourceTree = "<group>"; };
		B8B08F42255C000D00176EF4 /* SceneDelegate.swift */ = {isa = PBXFileReference; lastKnownFileType = sourcecode.swift; path = SceneDelegate.swift; sourceTree = "<group>"; };
		B8B08F44255C000D00176EF4 /* MessageViewController.swift */ = {isa = PBXFileReference; lastKnownFileType = sourcecode.swift; path = MessageViewController.swift; sourceTree = "<group>"; };
		B8B08F49255C001000176EF4 /* Assets.xcassets */ = {isa = PBXFileReference; lastKnownFileType = folder.assetcatalog; path = Assets.xcassets; sourceTree = "<group>"; };
		B8B08F4E255C001000176EF4 /* Info.plist */ = {isa = PBXFileReference; lastKnownFileType = text.plist.xml; path = Info.plist; sourceTree = "<group>"; };
		B8B08F55255C44C100176EF4 /* LoginViewController.swift */ = {isa = PBXFileReference; lastKnownFileType = sourcecode.swift; path = LoginViewController.swift; sourceTree = "<group>"; };
		B8B1607625A57CD2000C95D9 /* ChatMessageCell.swift */ = {isa = PBXFileReference; lastKnownFileType = sourcecode.swift; path = ChatMessageCell.swift; sourceTree = "<group>"; };
		B8CD5EE8259CD9860072A541 /* UserCell.swift */ = {isa = PBXFileReference; lastKnownFileType = sourcecode.swift; path = UserCell.swift; sourceTree = "<group>"; };
		B8F1A8D12613334B009D2DBE /* ChatInputContainerView.swift */ = {isa = PBXFileReference; lastKnownFileType = sourcecode.swift; path = ChatInputContainerView.swift; sourceTree = "<group>"; };
		B8F4CC75261644AF00251971 /* Network.swift */ = {isa = PBXFileReference; lastKnownFileType = sourcecode.swift; path = Network.swift; sourceTree = "<group>"; };
		B8FD8260256BD9CE0015BAAA /* Extension.swift */ = {isa = PBXFileReference; lastKnownFileType = sourcecode.swift; path = Extension.swift; sourceTree = "<group>"; };
		D9CAF9DE67C2EAD11A975807 /* Pods-GotChat.release.xcconfig */ = {isa = PBXFileReference; includeInIndex = 1; lastKnownFileType = text.xcconfig; name = "Pods-GotChat.release.xcconfig"; path = "Target Support Files/Pods-GotChat/Pods-GotChat.release.xcconfig"; sourceTree = "<group>"; };
/* End PBXFileReference section */

/* Begin PBXFrameworksBuildPhase section */
		B8B08F3A255C000D00176EF4 /* Frameworks */ = {
			isa = PBXFrameworksBuildPhase;
			buildActionMask = 2147483647;
			files = (
				CD1BF23A15E05DAE65BD4E69 /* Pods_GotChat.framework in Frameworks */,
			);
			runOnlyForDeploymentPostprocessing = 0;
		};
/* End PBXFrameworksBuildPhase section */

/* Begin PBXGroup section */
		4C44B211D1F6093805C962F0 /* Pods */ = {
			isa = PBXGroup;
			children = (
				6845D12EB4A125209D03B9F9 /* Pods-GotChat.debug.xcconfig */,
				D9CAF9DE67C2EAD11A975807 /* Pods-GotChat.release.xcconfig */,
			);
			path = Pods;
			sourceTree = "<group>";
		};
		5E99F82548231640CE7EF059 /* Frameworks */ = {
			isa = PBXGroup;
			children = (
				8DEEE22C04C22A3C0FC5F104 /* Pods_GotChat.framework */,
			);
			name = Frameworks;
			sourceTree = "<group>";
		};
		B82058C22562C94700E54158 /* Model */ = {
			isa = PBXGroup;
			children = (
				B82058C32562C96C00E54158 /* User.swift */,
			);
			path = Model;
			sourceTree = "<group>";
		};
		B8AC6FF2255CFF4000B02969 /* Controller */ = {
			isa = PBXGroup;
			children = (
				B8B08F44255C000D00176EF4 /* MessageViewController.swift */,
				B8B08F55255C44C100176EF4 /* LoginViewController.swift */,
				B8505245256C0FB800F6D0E6 /* LoginController+handlers.swift */,
				B863DB8D25601615007216F0 /* NewMessageTableViewController.swift */,
				B8289707257FCAB200F8BB28 /* ChatLogController.swift */,
				B8408957259BAB32000A5555 /* ChatLog+handlers.swift */,
			);
			path = Controller;
			sourceTree = "<group>";
		};
		B8B08F34255C000D00176EF4 = {
			isa = PBXGroup;
			children = (
				B8B08F3F255C000D00176EF4 /* GotChat */,
				B8B08F3E255C000D00176EF4 /* Products */,
				4C44B211D1F6093805C962F0 /* Pods */,
				5E99F82548231640CE7EF059 /* Frameworks */,
				B8AC7005255D8A9100B02969 /* GoogleService-Info.plist */,
			);
			sourceTree = "<group>";
		};
		B8B08F3E255C000D00176EF4 /* Products */ = {
			isa = PBXGroup;
			children = (
				B8B08F3D255C000D00176EF4 /* GotChat.app */,
			);
			name = Products;
			sourceTree = "<group>";
		};
		B8B08F3F255C000D00176EF4 /* GotChat */ = {
			isa = PBXGroup;
			children = (
				B8F4CC742616449300251971 /* ViewModel */,
				B8FD8263256BD9D40015BAAA /* Helpers */,
				B8CD5EE1259CD8FC0072A541 /* View */,
				B82058C22562C94700E54158 /* Model */,
				B8AC6FF2255CFF4000B02969 /* Controller */,
				B8B08F40255C000D00176EF4 /* AppDelegate.swift */,
				B8B08F42255C000D00176EF4 /* SceneDelegate.swift */,
				B8B08F49255C001000176EF4 /* Assets.xcassets */,
				B8B08F4E255C001000176EF4 /* Info.plist */,
				B85AD6B425DBBA0600A824D7 /* Launch.storyboard */,
			);
			path = GotChat;
			sourceTree = "<group>";
		};
		B8CD5EE1259CD8FC0072A541 /* View */ = {
			isa = PBXGroup;
			children = (
				B8CD5EE8259CD9860072A541 /* UserCell.swift */,
				B8B1607625A57CD2000C95D9 /* ChatMessageCell.swift */,
				B8F1A8D12613334B009D2DBE /* ChatInputContainerView.swift */,
				B86DE8192614CA5E0026827D /* LoginView.swift */,
			);
			path = View;
			sourceTree = "<group>";
		};
		B8F4CC742616449300251971 /* ViewModel */ = {
			isa = PBXGroup;
			children = (
				B8F4CC75261644AF00251971 /* Network.swift */,
				B81C3736261A079C007DF4BF /* MessageViewModel.swift */,
			);
			path = ViewModel;
			sourceTree = "<group>";
		};
		B8FD8263256BD9D40015BAAA /* Helpers */ = {
			isa = PBXGroup;
			children = (
				B8FD8260256BD9CE0015BAAA /* Extension.swift */,
			);
			path = Helpers;
			sourceTree = "<group>";
		};
/* End PBXGroup section */

/* Begin PBXNativeTarget section */
		B8B08F3C255C000D00176EF4 /* GotChat */ = {
			isa = PBXNativeTarget;
			buildConfigurationList = B8B08F51255C001000176EF4 /* Build configuration list for PBXNativeTarget "GotChat" */;
			buildPhases = (
				D632F94B5E2558262136A491 /* [CP] Check Pods Manifest.lock */,
				B8B08F39255C000D00176EF4 /* Sources */,
				B8B08F3A255C000D00176EF4 /* Frameworks */,
				B8B08F3B255C000D00176EF4 /* Resources */,
				1171AB943EE4A522FD6C2C4B /* [CP] Embed Pods Frameworks */,
			);
			buildRules = (
			);
			dependencies = (
			);
			name = GotChat;
			productName = GotChat;
			productReference = B8B08F3D255C000D00176EF4 /* GotChat.app */;
			productType = "com.apple.product-type.application";
		};
/* End PBXNativeTarget section */

/* Begin PBXProject section */
		B8B08F35255C000D00176EF4 /* Project object */ = {
			isa = PBXProject;
			attributes = {
				LastSwiftUpdateCheck = 1210;
				LastUpgradeCheck = 1210;
				TargetAttributes = {
					B8B08F3C255C000D00176EF4 = {
						CreatedOnToolsVersion = 12.1.1;
						LastSwiftMigration = 1220;
					};
				};
			};
			buildConfigurationList = B8B08F38255C000D00176EF4 /* Build configuration list for PBXProject "GotChat" */;
			compatibilityVersion = "Xcode 9.3";
			developmentRegion = en;
			hasScannedForEncodings = 0;
			knownRegions = (
				en,
				Base,
			);
			mainGroup = B8B08F34255C000D00176EF4;
			productRefGroup = B8B08F3E255C000D00176EF4 /* Products */;
			projectDirPath = "";
			projectRoot = "";
			targets = (
				B8B08F3C255C000D00176EF4 /* GotChat */,
			);
		};
/* End PBXProject section */

/* Begin PBXResourcesBuildPhase section */
		B8B08F3B255C000D00176EF4 /* Resources */ = {
			isa = PBXResourcesBuildPhase;
			buildActionMask = 2147483647;
			files = (
				B8B08F4A255C001000176EF4 /* Assets.xcassets in Resources */,
				B8AC7006255D8A9100B02969 /* GoogleService-Info.plist in Resources */,
				B85AD6B525DBBA0600A824D7 /* Launch.storyboard in Resources */,
			);
			runOnlyForDeploymentPostprocessing = 0;
		};
/* End PBXResourcesBuildPhase section */

/* Begin PBXShellScriptBuildPhase section */
		1171AB943EE4A522FD6C2C4B /* [CP] Embed Pods Frameworks */ = {
			isa = PBXShellScriptBuildPhase;
			buildActionMask = 2147483647;
			files = (
			);
			inputFileListPaths = (
				"${PODS_ROOT}/Target Support Files/Pods-GotChat/Pods-GotChat-frameworks-${CONFIGURATION}-input-files.xcfilelist",
			);
			name = "[CP] Embed Pods Frameworks";
			outputFileListPaths = (
				"${PODS_ROOT}/Target Support Files/Pods-GotChat/Pods-GotChat-frameworks-${CONFIGURATION}-output-files.xcfilelist",
			);
			runOnlyForDeploymentPostprocessing = 0;
			shellPath = /bin/sh;
			shellScript = "\"${PODS_ROOT}/Target Support Files/Pods-GotChat/Pods-GotChat-frameworks.sh\"\n";
			showEnvVarsInLog = 0;
		};
		D632F94B5E2558262136A491 /* [CP] Check Pods Manifest.lock */ = {
			isa = PBXShellScriptBuildPhase;
			buildActionMask = 2147483647;
			files = (
			);
			inputFileListPaths = (
			);
			inputPaths = (
				"${PODS_PODFILE_DIR_PATH}/Podfile.lock",
				"${PODS_ROOT}/Manifest.lock",
			);
			name = "[CP] Check Pods Manifest.lock";
			outputFileListPaths = (
			);
			outputPaths = (
				"$(DERIVED_FILE_DIR)/Pods-GotChat-checkManifestLockResult.txt",
			);
			runOnlyForDeploymentPostprocessing = 0;
			shellPath = /bin/sh;
			shellScript = "diff \"${PODS_PODFILE_DIR_PATH}/Podfile.lock\" \"${PODS_ROOT}/Manifest.lock\" > /dev/null\nif [ $? != 0 ] ; then\n    # print error to STDERR\n    echo \"error: The sandbox is not in sync with the Podfile.lock. Run 'pod install' or update your CocoaPods installation.\" >&2\n    exit 1\nfi\n# This output is used by Xcode 'outputs' to avoid re-running this script phase.\necho \"SUCCESS\" > \"${SCRIPT_OUTPUT_FILE_0}\"\n";
			showEnvVarsInLog = 0;
		};
/* End PBXShellScriptBuildPhase section */

/* Begin PBXSourcesBuildPhase section */
		B8B08F39255C000D00176EF4 /* Sources */ = {
			isa = PBXSourcesBuildPhase;
			buildActionMask = 2147483647;
			files = (
				B8289708257FCAB200F8BB28 /* ChatLogController.swift in Sources */,
				B8B08F45255C000D00176EF4 /* MessageViewController.swift in Sources */,
				B81C3737261A079C007DF4BF /* MessageViewModel.swift in Sources */,
				B8B1607725A57CD2000C95D9 /* ChatMessageCell.swift in Sources */,
				B8B08F41255C000D00176EF4 /* AppDelegate.swift in Sources */,
				B8505246256C0FB800F6D0E6 /* LoginController+handlers.swift in Sources */,
				B8F4CC76261644AF00251971 /* Network.swift in Sources */,
				B8FD8261256BD9CE0015BAAA /* Extension.swift in Sources */,
				B8B08F56255C44C100176EF4 /* LoginViewController.swift in Sources */,
				B8B08F43255C000D00176EF4 /* SceneDelegate.swift in Sources */,
				B86DE81A2614CA5E0026827D /* LoginView.swift in Sources */,
				B8408958259BAB32000A5555 /* ChatLog+handlers.swift in Sources */,
				B82058C42562C96C00E54158 /* User.swift in Sources */,
				B8F1A8D22613334B009D2DBE /* ChatInputContainerView.swift in Sources */,
				B8CD5EE9259CD9860072A541 /* UserCell.swift in Sources */,
				B863DB8E25601615007216F0 /* NewMessageTableViewController.swift in Sources */,
			);
			runOnlyForDeploymentPostprocessing = 0;
		};
/* End PBXSourcesBuildPhase section */

/* Begin XCBuildConfiguration section */
		B8B08F4F255C001000176EF4 /* Debug */ = {
			isa = XCBuildConfiguration;
			buildSettings = {
				ALWAYS_SEARCH_USER_PATHS = NO;
				CLANG_ANALYZER_NONNULL = YES;
				CLANG_ANALYZER_NUMBER_OBJECT_CONVERSION = YES_AGGRESSIVE;
				CLANG_CXX_LANGUAGE_STANDARD = "gnu++14";
				CLANG_CXX_LIBRARY = "libc++";
				CLANG_ENABLE_MODULES = YES;
				CLANG_ENABLE_OBJC_ARC = YES;
				CLANG_ENABLE_OBJC_WEAK = YES;
				CLANG_WARN_BLOCK_CAPTURE_AUTORELEASING = YES;
				CLANG_WARN_BOOL_CONVERSION = YES;
				CLANG_WARN_COMMA = YES;
				CLANG_WARN_CONSTANT_CONVERSION = YES;
				CLANG_WARN_DEPRECATED_OBJC_IMPLEMENTATIONS = YES;
				CLANG_WARN_DIRECT_OBJC_ISA_USAGE = YES_ERROR;
				CLANG_WARN_DOCUMENTATION_COMMENTS = YES;
				CLANG_WARN_EMPTY_BODY = YES;
				CLANG_WARN_ENUM_CONVERSION = YES;
				CLANG_WARN_INFINITE_RECURSION = YES;
				CLANG_WARN_INT_CONVERSION = YES;
				CLANG_WARN_NON_LITERAL_NULL_CONVERSION = YES;
				CLANG_WARN_OBJC_IMPLICIT_RETAIN_SELF = YES;
				CLANG_WARN_OBJC_LITERAL_CONVERSION = YES;
				CLANG_WARN_OBJC_ROOT_CLASS = YES_ERROR;
				CLANG_WARN_QUOTED_INCLUDE_IN_FRAMEWORK_HEADER = YES;
				CLANG_WARN_RANGE_LOOP_ANALYSIS = YES;
				CLANG_WARN_STRICT_PROTOTYPES = YES;
				CLANG_WARN_SUSPICIOUS_MOVE = YES;
				CLANG_WARN_UNGUARDED_AVAILABILITY = YES_AGGRESSIVE;
				CLANG_WARN_UNREACHABLE_CODE = YES;
				CLANG_WARN__DUPLICATE_METHOD_MATCH = YES;
				COPY_PHASE_STRIP = NO;
				DEBUG_INFORMATION_FORMAT = dwarf;
				ENABLE_STRICT_OBJC_MSGSEND = YES;
				ENABLE_TESTABILITY = YES;
				GCC_C_LANGUAGE_STANDARD = gnu11;
				GCC_DYNAMIC_NO_PIC = NO;
				GCC_NO_COMMON_BLOCKS = YES;
				GCC_OPTIMIZATION_LEVEL = 0;
				GCC_PREPROCESSOR_DEFINITIONS = (
					"DEBUG=1",
					"$(inherited)",
				);
				GCC_WARN_64_TO_32_BIT_CONVERSION = YES;
				GCC_WARN_ABOUT_RETURN_TYPE = YES_ERROR;
				GCC_WARN_UNDECLARED_SELECTOR = YES;
				GCC_WARN_UNINITIALIZED_AUTOS = YES_AGGRESSIVE;
				GCC_WARN_UNUSED_FUNCTION = YES;
				GCC_WARN_UNUSED_VARIABLE = YES;
				IPHONEOS_DEPLOYMENT_TARGET = 13.3;
				MTL_ENABLE_DEBUG_INFO = INCLUDE_SOURCE;
				MTL_FAST_MATH = YES;
				ONLY_ACTIVE_ARCH = YES;
				SDKROOT = iphoneos;
				SWIFT_ACTIVE_COMPILATION_CONDITIONS = DEBUG;
				SWIFT_OPTIMIZATION_LEVEL = "-Onone";
			};
			name = Debug;
		};
		B8B08F50255C001000176EF4 /* Release */ = {
			isa = XCBuildConfiguration;
			buildSettings = {
				ALWAYS_SEARCH_USER_PATHS = NO;
				CLANG_ANALYZER_NONNULL = YES;
				CLANG_ANALYZER_NUMBER_OBJECT_CONVERSION = YES_AGGRESSIVE;
				CLANG_CXX_LANGUAGE_STANDARD = "gnu++14";
				CLANG_CXX_LIBRARY = "libc++";
				CLANG_ENABLE_MODULES = YES;
				CLANG_ENABLE_OBJC_ARC = YES;
				CLANG_ENABLE_OBJC_WEAK = YES;
				CLANG_WARN_BLOCK_CAPTURE_AUTORELEASING = YES;
				CLANG_WARN_BOOL_CONVERSION = YES;
				CLANG_WARN_COMMA = YES;
				CLANG_WARN_CONSTANT_CONVERSION = YES;
				CLANG_WARN_DEPRECATED_OBJC_IMPLEMENTATIONS = YES;
				CLANG_WARN_DIRECT_OBJC_ISA_USAGE = YES_ERROR;
				CLANG_WARN_DOCUMENTATION_COMMENTS = YES;
				CLANG_WARN_EMPTY_BODY = YES;
				CLANG_WARN_ENUM_CONVERSION = YES;
				CLANG_WARN_INFINITE_RECURSION = YES;
				CLANG_WARN_INT_CONVERSION = YES;
				CLANG_WARN_NON_LITERAL_NULL_CONVERSION = YES;
				CLANG_WARN_OBJC_IMPLICIT_RETAIN_SELF = YES;
				CLANG_WARN_OBJC_LITERAL_CONVERSION = YES;
				CLANG_WARN_OBJC_ROOT_CLASS = YES_ERROR;
				CLANG_WARN_QUOTED_INCLUDE_IN_FRAMEWORK_HEADER = YES;
				CLANG_WARN_RANGE_LOOP_ANALYSIS = YES;
				CLANG_WARN_STRICT_PROTOTYPES = YES;
				CLANG_WARN_SUSPICIOUS_MOVE = YES;
				CLANG_WARN_UNGUARDED_AVAILABILITY = YES_AGGRESSIVE;
				CLANG_WARN_UNREACHABLE_CODE = YES;
				CLANG_WARN__DUPLICATE_METHOD_MATCH = YES;
				COPY_PHASE_STRIP = NO;
				DEBUG_INFORMATION_FORMAT = "dwarf-with-dsym";
				ENABLE_NS_ASSERTIONS = NO;
				ENABLE_STRICT_OBJC_MSGSEND = YES;
				GCC_C_LANGUAGE_STANDARD = gnu11;
				GCC_NO_COMMON_BLOCKS = YES;
				GCC_WARN_64_TO_32_BIT_CONVERSION = YES;
				GCC_WARN_ABOUT_RETURN_TYPE = YES_ERROR;
				GCC_WARN_UNDECLARED_SELECTOR = YES;
				GCC_WARN_UNINITIALIZED_AUTOS = YES_AGGRESSIVE;
				GCC_WARN_UNUSED_FUNCTION = YES;
				GCC_WARN_UNUSED_VARIABLE = YES;
				IPHONEOS_DEPLOYMENT_TARGET = 13.3;
				MTL_ENABLE_DEBUG_INFO = NO;
				MTL_FAST_MATH = YES;
				SDKROOT = iphoneos;
				SWIFT_COMPILATION_MODE = wholemodule;
				SWIFT_OPTIMIZATION_LEVEL = "-O";
				VALIDATE_PRODUCT = YES;
			};
			name = Release;
		};
		B8B08F52255C001000176EF4 /* Debug */ = {
			isa = XCBuildConfiguration;
			baseConfigurationReference = 6845D12EB4A125209D03B9F9 /* Pods-GotChat.debug.xcconfig */;
			buildSettings = {
				ASSETCATALOG_COMPILER_APPICON_NAME = AppIcon;
				ASSETCATALOG_COMPILER_GLOBAL_ACCENT_COLOR_NAME = AccentColor;
				CLANG_ENABLE_MODULES = YES;
				CODE_SIGN_STYLE = Automatic;
				DEVELOPMENT_TEAM = 9M5YLYU8BJ;
				INFOPLIST_FILE = GotChat/Info.plist;
				LD_RUNPATH_SEARCH_PATHS = (
					"$(inherited)",
					"@executable_path/Frameworks",
				);
				PRODUCT_BUNDLE_IDENTIFIER = ilshat.GotChat;
				PRODUCT_NAME = "$(TARGET_NAME)";
				SWIFT_OPTIMIZATION_LEVEL = "-Onone";
				SWIFT_VERSION = 5.0;
				TARGETED_DEVICE_FAMILY = "1,2";
			};
			name = Debug;
		};
		B8B08F53255C001000176EF4 /* Release */ = {
			isa = XCBuildConfiguration;
			baseConfigurationReference = D9CAF9DE67C2EAD11A975807 /* Pods-GotChat.release.xcconfig */;
			buildSettings = {
				ASSETCATALOG_COMPILER_APPICON_NAME = AppIcon;
				ASSETCATALOG_COMPILER_GLOBAL_ACCENT_COLOR_NAME = AccentColor;
				CLANG_ENABLE_MODULES = YES;
				CODE_SIGN_STYLE = Automatic;
				DEVELOPMENT_TEAM = 9M5YLYU8BJ;
				INFOPLIST_FILE = GotChat/Info.plist;
				LD_RUNPATH_SEARCH_PATHS = (
					"$(inherited)",
					"@executable_path/Frameworks",
				);
				PRODUCT_BUNDLE_IDENTIFIER = ilshat.GotChat;
				PRODUCT_NAME = "$(TARGET_NAME)";
				SWIFT_VERSION = 5.0;
				TARGETED_DEVICE_FAMILY = "1,2";
			};
			name = Release;
		};
/* End XCBuildConfiguration section */

/* Begin XCConfigurationList section */
		B8B08F38255C000D00176EF4 /* Build configuration list for PBXProject "GotChat" */ = {
			isa = XCConfigurationList;
			buildConfigurations = (
				B8B08F4F255C001000176EF4 /* Debug */,
				B8B08F50255C001000176EF4 /* Release */,
			);
			defaultConfigurationIsVisible = 0;
			defaultConfigurationName = Release;
		};
		B8B08F51255C001000176EF4 /* Build configuration list for PBXNativeTarget "GotChat" */ = {
			isa = XCConfigurationList;
			buildConfigurations = (
				B8B08F52255C001000176EF4 /* Debug */,
				B8B08F53255C001000176EF4 /* Release */,
			);
			defaultConfigurationIsVisible = 0;
			defaultConfigurationName = Release;
		};
/* End XCConfigurationList section */
	};
	rootObject = B8B08F35255C000D00176EF4 /* Project object */;
}
